{
  "version": 4,
  "terraform_version": "1.14.7",
  "serial": 26,
  "lineage": "e7a5d985-cef9-e5a5-3c9e-dde3259394d1",
  "outputs": {},
  "resources": [
    {
      "mode": "managed",
      "type": "docker_image",
      "name": "nginx",
      "provider": "provider[\"registry.terraform.io/kreuzwerker/docker\"]",
      "instances": [
        {
          "schema_version": 0,
          "attributes": {
            "build": [],
            "force_remove": null,
            "id": "sha256:dec7a90bd0973b076832dc56933fe876bc014929e14b4ec49923951405370112nginx:latest",
            "image_id": "sha256:dec7a90bd0973b076832dc56933fe876bc014929e14b4ec49923951405370112",
            "keep_locally": null,
            "name": "nginx:latest",
            "platform": null,
            "pull_triggers": null,
            "repo_digest": "nginx@sha256:dec7a90bd0973b076832dc56933fe876bc014929e14b4ec49923951405370112",
            "triggers": null
          },
          "sensitive_attributes": [],
          "identity_schema_version": 0,
          "private": "bnVsbA=="
        }
      ]
    },
    {
      "module": "module.nginx_containers[\"web2\"]",
      "mode": "managed",
      "type": "docker_image",
      "name": "nginx",
      "provider": "provider[\"registry.terraform.io/kreuzwerker/docker\"]",
      "instances": [
        {
          "schema_version": 0,
          "attributes": {
            "build": [],
            "force_remove": null,
            "id": "sha256:dec7a90bd0973b076832dc56933fe876bc014929e14b4ec49923951405370112nginx:latest",
            "image_id": "sha256:dec7a90bd0973b076832dc56933fe876bc014929e14b4ec49923951405370112",
            "keep_locally": null,
            "name": "nginx:latest",
            "platform": null,
            "pull_triggers": null,
            "repo_digest": "nginx@sha256:dec7a90bd0973b076832dc56933fe876bc014929e14b4ec49923951405370112",
            "triggers": null
          },
          "sensitive_attributes": [],
          "identity_schema_version": 0,
          "private": "bnVsbA==",
          "dependencies": [
            "docker_image.nginx"
          ]
        }
      ]
    }
  ],
  "check_results": null
}
